github.com/go-gfx/gl v0.0.0-20181026044259-55b76b7df9d2/go.mod h1:oDTSRlgerFXOWyveaWZ56eUtUVqzUFySc1OvbhZBTv4=
github.com/go-gfx/go-sdl2 v0.3.0/go.mod h1:QWu/BGRIa8ALCG/hprTMG5lyywAVimM0tBYzK/xKzIA=
github.com/go-gfx/gogl v0.0.0-20131111203533-c411acc846b6/go.mod h1:A6maRk2bQN/aA/ODCQI0vonm9zO/8KFgCbR3QwrFseE=
